
Microsoft Visual Studio Solution File, Format Version 12.00
# Visual Studio Version 17
VisualStudioVersion = 17.4.33122.133
MinimumVisualStudioVersion = 10.0.40219.1
Project("{FAE04EC0-301F-11D3-BF4B-00C04F79EFBC}") = "Upd8API", "Upd8API\Upd8API.csproj", "{2CBB6DC0-654A-4EAB-BEB8-83272A4A5104}"
EndProject
Global
	GlobalSection(SolutionConfigurationPlatforms) = preSolution
		Debug|Any CPU = Debug|Any CPU
		Release|Any CPU = Release|Any CPU
	EndGlobalSection
	GlobalSection(ProjectConfigurationPlatforms) = postSolution
		{2CBB6DC0-654A-4EAB-BEB8-83272A4A5104}.Debug|Any CPU.ActiveCfg = Debug|Any CPU
		{2CBB6DC0-654A-4EAB-BEB8-83272A4A5104}.Debug|Any CPU.Build.0 = Debug|Any CPU
		{2CBB6DC0-654A-4EAB-BEB8-83272A4A5104}.Release|Any CPU.ActiveCfg = Release|Any CPU
		{2CBB6DC0-654A-4EAB-BEB8-83272A4A5104}.Release|Any CPU.Build.0 = Release|Any CPU
	EndGlobalSection
	GlobalSection(SolutionProperties) = preSolution
		HideSolutionNode = FALSE
	EndGlobalSection
	GlobalSection(ExtensibilityGlobals) = postSolution
		SolutionGuid = {F8E5C65F-B8CC-4D68-B394-A8DDB8D4F2D9}
	EndGlobalSection
EndGlobal
